// !$*UTF8*$!
{
	archiveVersion = 1;
	classes = {
	};
	objectVersion = 56;
	objects = {

/* Begin PBXBuildFile section */
		F302D1AC2AD044510098A8BF /* DrugsList.swift in Sources */ = {isa = PBXBuildFile; fileRef = F302D1AB2AD044510098A8BF /* DrugsList.swift */; };
		F302D1AE2AD044FC0098A8BF /* Drugs.swift in Sources */ = {isa = PBXBuildFile; fileRef = F302D1AD2AD044FC0098A8BF /* Drugs.swift */; };
		F302D1B02AD045280098A8BF /* DrugModel.swift in Sources */ = {isa = PBXBuildFile; fileRef = F302D1AF2AD045280098A8BF /* DrugModel.swift */; };
		F302D1B22AD045660098A8BF /* WidgetModel.swift in Sources */ = {isa = PBXBuildFile; fileRef = F302D1B12AD045660098A8BF /* WidgetModel.swift */; };
		F314C1592ACAD8FB00CF344D /* WidgetsIndex.swift in Sources */ = {isa = PBXBuildFile; fileRef = F314C1582ACAD8FB00CF344D /* WidgetsIndex.swift */; };
		F314C15B2ACB509D00CF344D /* PatientHeartBeat.swift in Sources */ = {isa = PBXBuildFile; fileRef = F314C15A2ACB509D00CF344D /* PatientHeartBeat.swift */; };
		F314C15D2ACB57F300CF344D /* ChartType.swift in Sources */ = {isa = PBXBuildFile; fileRef = F314C15C2ACB57F300CF344D /* ChartType.swift */; };
		F314C1612ACB59D400CF344D /* HealthData.swift in Sources */ = {isa = PBXBuildFile; fileRef = F314C1602ACB59D400CF344D /* HealthData.swift */; };
		F314C1632ACB5A2300CF344D /* InterpolationMethod.swift in Sources */ = {isa = PBXBuildFile; fileRef = F314C1622ACB5A2300CF344D /* InterpolationMethod.swift */; };
		F3254B9E2AB1C299002B7808 /* MetallicBall.swift in Sources */ = {isa = PBXBuildFile; fileRef = F3254B9D2AB1C299002B7808 /* MetallicBall.swift */; };
		F3254BA12AB1C388002B7808 /* MainPanel.swift in Sources */ = {isa = PBXBuildFile; fileRef = F3254BA02AB1C388002B7808 /* MainPanel.swift */; };
		F3254BA62AB23CE9002B7808 /* PatientModel.swift in Sources */ = {isa = PBXBuildFile; fileRef = F3254BA52AB23CE9002B7808 /* PatientModel.swift */; };
		F3254BA92AB30260002B7808 /* PatientsStore.swift in Sources */ = {isa = PBXBuildFile; fileRef = F3254BA82AB30260002B7808 /* PatientsStore.swift */; };
		F3254BAB2AB30DBE002B7808 /* AppStore.swift in Sources */ = {isa = PBXBuildFile; fileRef = F3254BAA2AB30DBE002B7808 /* AppStore.swift */; };
		F3254BAD2AB34021002B7808 /* WelcomePanel.swift in Sources */ = {isa = PBXBuildFile; fileRef = F3254BAC2AB34021002B7808 /* WelcomePanel.swift */; };
		F3254BB02AB34961002B7808 /* PatientsList.swift in Sources */ = {isa = PBXBuildFile; fileRef = F3254BAF2AB34961002B7808 /* PatientsList.swift */; };
		F3254BB22AB34973002B7808 /* PatientRow.swift in Sources */ = {isa = PBXBuildFile; fileRef = F3254BB12AB34973002B7808 /* PatientRow.swift */; };
		F3254BB42AB353CC002B7808 /* Patiens.swift in Sources */ = {isa = PBXBuildFile; fileRef = F3254BB32AB353CC002B7808 /* Patiens.swift */; };
		F3254BB62AB9E731002B7808 /* David.jpeg in Resources */ = {isa = PBXBuildFile; fileRef = F3254BB52AB9E731002B7808 /* David.jpeg */; };
		F3254BB92ABAC5EF002B7808 /* Utils.swift in Sources */ = {isa = PBXBuildFile; fileRef = F3254BB82ABAC5EF002B7808 /* Utils.swift */; };
		F3254BBF2ABB327B002B7808 /* PanelsContainer.swift in Sources */ = {isa = PBXBuildFile; fileRef = F3254BBE2ABB327B002B7808 /* PanelsContainer.swift */; };
		F370CF5E2AC6EDA300574AA9 /* PatientReport.swift in Sources */ = {isa = PBXBuildFile; fileRef = F370CF5D2AC6EDA300574AA9 /* PatientReport.swift */; };
		F379C9492AA9E52B000A3828 /* RealityKitContent in Frameworks */ = {isa = PBXBuildFile; productRef = F379C9482AA9E52B000A3828 /* RealityKitContent */; };
		F379C94B2AA9E52B000A3828 /* boardApp.swift in Sources */ = {isa = PBXBuildFile; fileRef = F379C94A2AA9E52B000A3828 /* boardApp.swift */; };
		F379C94D2AA9E52B000A3828 /* ContentView.swift in Sources */ = {isa = PBXBuildFile; fileRef = F379C94C2AA9E52B000A3828 /* ContentView.swift */; };
		F379C9512AA9E52B000A3828 /* ImageBasedLight.exr in Resources */ = {isa = PBXBuildFile; fileRef = F379C9502AA9E52B000A3828 /* ImageBasedLight.exr */; };
		F379C9532AA9E52F000A3828 /* Assets.xcassets in Resources */ = {isa = PBXBuildFile; fileRef = F379C9522AA9E52F000A3828 /* Assets.xcassets */; };
		F379C9562AA9E52F000A3828 /* Preview Assets.xcassets in Resources */ = {isa = PBXBuildFile; fileRef = F379C9552AA9E52F000A3828 /* Preview Assets.xcassets */; };
		F3FA40792AD05AD3004911DC /* ListElement.swift in Sources */ = {isa = PBXBuildFile; fileRef = F3FA40782AD05AD3004911DC /* ListElement.swift */; };
/* End PBXBuildFile section */

/* Begin PBXFileReference section */
		F302D1AB2AD044510098A8BF /* DrugsList.swift */ = {isa = PBXFileReference; lastKnownFileType = sourcecode.swift; path = DrugsList.swift; sourceTree = "<group>"; };
		F302D1AD2AD044FC0098A8BF /* Drugs.swift */ = {isa = PBXFileReference; lastKnownFileType = sourcecode.swift; path = Drugs.swift; sourceTree = "<group>"; };
		F302D1AF2AD045280098A8BF /* DrugModel.swift */ = {isa = PBXFileReference; lastKnownFileType = sourcecode.swift; path = DrugModel.swift; sourceTree = "<group>"; };
		F302D1B12AD045660098A8BF /* WidgetModel.swift */ = {isa = PBXFileReference; lastKnownFileType = sourcecode.swift; path = WidgetModel.swift; sourceTree = "<group>"; };
		F314C1582ACAD8FB00CF344D /* WidgetsIndex.swift */ = {isa = PBXFileReference; lastKnownFileType = sourcecode.swift; path = WidgetsIndex.swift; sourceTree = "<group>"; };
		F314C15A2ACB509D00CF344D /* PatientHeartBeat.swift */ = {isa = PBXFileReference; lastKnownFileType = sourcecode.swift; path = PatientHeartBeat.swift; sourceTree = "<group>"; };
		F314C15C2ACB57F300CF344D /* ChartType.swift */ = {isa = PBXFileReference; fileEncoding = 4; lastKnownFileType = sourcecode.swift; path = ChartType.swift; sourceTree = "<group>"; };
		F314C1602ACB59D400CF344D /* HealthData.swift */ = {isa = PBXFileReference; fileEncoding = 4; lastKnownFileType = sourcecode.swift; path = HealthData.swift; sourceTree = "<group>"; };
		F314C1622ACB5A2300CF344D /* InterpolationMethod.swift */ = {isa = PBXFileReference; fileEncoding = 4; lastKnownFileType = sourcecode.swift; path = InterpolationMethod.swift; sourceTree = "<group>"; };
		F3254B9D2AB1C299002B7808 /* MetallicBall.swift */ = {isa = PBXFileReference; lastKnownFileType = sourcecode.swift; path = MetallicBall.swift; sourceTree = "<group>"; };
		F3254BA02AB1C388002B7808 /* MainPanel.swift */ = {isa = PBXFileReference; lastKnownFileType = sourcecode.swift; path = MainPanel.swift; sourceTree = "<group>"; };
		F3254BA52AB23CE9002B7808 /* PatientModel.swift */ = {isa = PBXFileReference; lastKnownFileType = sourcecode.swift; path = PatientModel.swift; sourceTree = "<group>"; };
		F3254BA82AB30260002B7808 /* PatientsStore.swift */ = {isa = PBXFileReference; lastKnownFileType = sourcecode.swift; path = PatientsStore.swift; sourceTree = "<group>"; };
		F3254BAA2AB30DBE002B7808 /* AppStore.swift */ = {isa = PBXFileReference; lastKnownFileType = sourcecode.swift; path = AppStore.swift; sourceTree = "<group>"; };
		F3254BAC2AB34021002B7808 /* WelcomePanel.swift */ = {isa = PBXFileReference; lastKnownFileType = sourcecode.swift; path = WelcomePanel.swift; sourceTree = "<group>"; };
		F3254BAF2AB34961002B7808 /* PatientsList.swift */ = {isa = PBXFileReference; lastKnownFileType = sourcecode.swift; path = PatientsList.swift; sourceTree = "<group>"; };
		F3254BB12AB34973002B7808 /* PatientRow.swift */ = {isa = PBXFileReference; lastKnownFileType = sourcecode.swift; path = PatientRow.swift; sourceTree = "<group>"; };
		F3254BB32AB353CC002B7808 /* Patiens.swift */ = {isa = PBXFileReference; lastKnownFileType = sourcecode.swift; path = Patiens.swift; sourceTree = "<group>"; };
		F3254BB52AB9E731002B7808 /* David.jpeg */ = {isa = PBXFileReference; lastKnownFileType = image.jpeg; path = David.jpeg; sourceTree = "<group>"; };
		F3254BB82ABAC5EF002B7808 /* Utils.swift */ = {isa = PBXFileReference; lastKnownFileType = sourcecode.swift; path = Utils.swift; sourceTree = "<group>"; };
		F3254BBE2ABB327B002B7808 /* PanelsContainer.swift */ = {isa = PBXFileReference; lastKnownFileType = sourcecode.swift; path = PanelsContainer.swift; sourceTree = "<group>"; };
		F370CF5D2AC6EDA300574AA9 /* PatientReport.swift */ = {isa = PBXFileReference; lastKnownFileType = sourcecode.swift; path = PatientReport.swift; sourceTree = "<group>"; };
		F379C9432AA9E52B000A3828 /* vision-pro-board.app */ = {isa = PBXFileReference; explicitFileType = wrapper.application; includeInIndex = 0; path = "vision-pro-board.app"; sourceTree = BUILT_PRODUCTS_DIR; };
		F379C9472AA9E52B000A3828 /* RealityKitContent */ = {isa = PBXFileReference; lastKnownFileType = wrapper; path = RealityKitContent; sourceTree = "<group>"; };
		F379C94A2AA9E52B000A3828 /* boardApp.swift */ = {isa = PBXFileReference; lastKnownFileType = sourcecode.swift; path = boardApp.swift; sourceTree = "<group>"; };
		F379C94C2AA9E52B000A3828 /* ContentView.swift */ = {isa = PBXFileReference; lastKnownFileType = sourcecode.swift; path = ContentView.swift; sourceTree = "<group>"; };
		F379C9502AA9E52B000A3828 /* ImageBasedLight.exr */ = {isa = PBXFileReference; lastKnownFileType = file; path = ImageBasedLight.exr; sourceTree = "<group>"; };
		F379C9522AA9E52F000A3828 /* Assets.xcassets */ = {isa = PBXFileReference; lastKnownFileType = folder.assetcatalog; path = Assets.xcassets; sourceTree = "<group>"; };
		F379C9552AA9E52F000A3828 /* Preview Assets.xcassets */ = {isa = PBXFileReference; lastKnownFileType = folder.assetcatalog; path = "Preview Assets.xcassets"; sourceTree = "<group>"; };
		F3FA40782AD05AD3004911DC /* ListElement.swift */ = {isa = PBXFileReference; lastKnownFileType = sourcecode.swift; path = ListElement.swift; sourceTree = "<group>"; };
/* End PBXFileReference section */

/* Begin PBXFrameworksBuildPhase section */
		F379C9402AA9E52B000A3828 /* Frameworks */ = {
			isa = PBXFrameworksBuildPhase;
			buildActionMask = 2147483647;
			files = (
				F379C9492AA9E52B000A3828 /* RealityKitContent in Frameworks */,
			);
			runOnlyForDeploymentPostprocessing = 0;
		};
/* End PBXFrameworksBuildPhase section */

/* Begin PBXGroup section */
		F3254B982AB1C1E2002B7808 /* 3DObjects */ = {
			isa = PBXGroup;
			children = (
				F3254B9D2AB1C299002B7808 /* MetallicBall.swift */,
			);
			path = 3DObjects;
			sourceTree = "<group>";
		};
		F3254B9F2AB1C36A002B7808 /* Panels */ = {
			isa = PBXGroup;
			children = (
				F3254BAE2AB34945002B7808 /* PatientListPanel */,
				F3254BA02AB1C388002B7808 /* MainPanel.swift */,
				F3254BAC2AB34021002B7808 /* WelcomePanel.swift */,
				F3254BBE2ABB327B002B7808 /* PanelsContainer.swift */,
			);
			path = Panels;
			sourceTree = "<group>";
		};
		F3254BA32AB239F3002B7808 /* Data */ = {
			isa = PBXGroup;
			children = (
				F314C1602ACB59D400CF344D /* HealthData.swift */,
				F3254BB32AB353CC002B7808 /* Patiens.swift */,
				F302D1AD2AD044FC0098A8BF /* Drugs.swift */,
			);
			path = Data;
			sourceTree = "<group>";
		};
		F3254BA42AB23CCB002B7808 /* Models */ = {
			isa = PBXGroup;
			children = (
				F314C1622ACB5A2300CF344D /* InterpolationMethod.swift */,
				F314C15C2ACB57F300CF344D /* ChartType.swift */,
				F3254BA52AB23CE9002B7808 /* PatientModel.swift */,
				F302D1AF2AD045280098A8BF /* DrugModel.swift */,
				F302D1B12AD045660098A8BF /* WidgetModel.swift */,
			);
			path = Models;
			sourceTree = "<group>";
		};
		F3254BA72AB3023F002B7808 /* Store */ = {
			isa = PBXGroup;
			children = (
				F3254BA82AB30260002B7808 /* PatientsStore.swift */,
				F3254BAA2AB30DBE002B7808 /* AppStore.swift */,
			);
			path = Store;
			sourceTree = "<group>";
		};
		F3254BAE2AB34945002B7808 /* PatientListPanel */ = {
			isa = PBXGroup;
			children = (
				F3254BAF2AB34961002B7808 /* PatientsList.swift */,
				F3254BB12AB34973002B7808 /* PatientRow.swift */,
			);
			path = PatientListPanel;
			sourceTree = "<group>";
		};
		F3254BB72ABAC5D3002B7808 /* Utils */ = {
			isa = PBXGroup;
			children = (
				F3254BB82ABAC5EF002B7808 /* Utils.swift */,
			);
			path = Utils;
			sourceTree = "<group>";
		};
		F370CF5C2AC6E14C00574AA9 /* Widgets */ = {
			isa = PBXGroup;
			children = (
				F370CF5D2AC6EDA300574AA9 /* PatientReport.swift */,
				F314C1582ACAD8FB00CF344D /* WidgetsIndex.swift */,
				F314C15A2ACB509D00CF344D /* PatientHeartBeat.swift */,
				F302D1AB2AD044510098A8BF /* DrugsList.swift */,
			);
			path = Widgets;
			sourceTree = "<group>";
		};
		F379C93A2AA9E52B000A3828 = {
			isa = PBXGroup;
			children = (
				F379C9452AA9E52B000A3828 /* board */,
				F379C9462AA9E52B000A3828 /* Packages */,
				F379C9442AA9E52B000A3828 /* Products */,
			);
			sourceTree = "<group>";
		};
		F379C9442AA9E52B000A3828 /* Products */ = {
			isa = PBXGroup;
			children = (
				F379C9432AA9E52B000A3828 /* vision-pro-board.app */,
			);
			name = Products;
			sourceTree = "<group>";
		};
		F379C9452AA9E52B000A3828 /* board */ = {
			isa = PBXGroup;
			children = (
				F3FA40772AD05AB4004911DC /* Common */,
				F3254BB72ABAC5D3002B7808 /* Utils */,
				F3254BA72AB3023F002B7808 /* Store */,
				F3254BA42AB23CCB002B7808 /* Models */,
				F3254BA32AB239F3002B7808 /* Data */,
				F3254B9F2AB1C36A002B7808 /* Panels */,
				F370CF5C2AC6E14C00574AA9 /* Widgets */,
				F3254B982AB1C1E2002B7808 /* 3DObjects */,
				F379C94A2AA9E52B000A3828 /* boardApp.swift */,
				F379C94C2AA9E52B000A3828 /* ContentView.swift */,
				F379C9502AA9E52B000A3828 /* ImageBasedLight.exr */,
				F379C9522AA9E52F000A3828 /* Assets.xcassets */,
				F3254BB52AB9E731002B7808 /* David.jpeg */,
				F379C9542AA9E52F000A3828 /* Preview Content */,
			);
			path = board;
			sourceTree = "<group>";
		};
		F379C9462AA9E52B000A3828 /* Packages */ = {
			isa = PBXGroup;
			children = (
				F379C9472AA9E52B000A3828 /* RealityKitContent */,
			);
			path = Packages;
			sourceTree = "<group>";
		};
		F379C9542AA9E52F000A3828 /* Preview Content */ = {
			isa = PBXGroup;
			children = (
				F379C9552AA9E52F000A3828 /* Preview Assets.xcassets */,
			);
			path = "Preview Content";
			sourceTree = "<group>";
		};
		F3FA40772AD05AB4004911DC /* Common */ = {
			isa = PBXGroup;
			children = (
				F3FA40782AD05AD3004911DC /* ListElement.swift */,
			);
			path = Common;
			sourceTree = "<group>";
		};
/* End PBXGroup section */

/* Begin PBXNativeTarget section */
		F379C9422AA9E52B000A3828 /* vision-pro-board */ = {
			isa = PBXNativeTarget;
			buildConfigurationList = F379C9592AA9E52F000A3828 /* Build configuration list for PBXNativeTarget "vision-pro-board" */;
			buildPhases = (
				F379C93F2AA9E52B000A3828 /* Sources */,
				F379C9402AA9E52B000A3828 /* Frameworks */,
				F379C9412AA9E52B000A3828 /* Resources */,
			);
			buildRules = (
			);
			dependencies = (
			);
			name = "vision-pro-board";
			packageProductDependencies = (
				F379C9482AA9E52B000A3828 /* RealityKitContent */,
			);
			productName = board;
			productReference = F379C9432AA9E52B000A3828 /* vision-pro-board.app */;
			productType = "com.apple.product-type.application";
		};
/* End PBXNativeTarget section */

/* Begin PBXProject section */
		F379C93B2AA9E52B000A3828 /* Project object */ = {
			isa = PBXProject;
			attributes = {
				BuildIndependentTargetsInParallel = 1;
				LastSwiftUpdateCheck = 1500;
				LastUpgradeCheck = 1500;
				TargetAttributes = {
					F379C9422AA9E52B000A3828 = {
						CreatedOnToolsVersion = 15.0;
					};
				};
			};
			buildConfigurationList = F379C93E2AA9E52B000A3828 /* Build configuration list for PBXProject "vision-pro-board" */;
			compatibilityVersion = "Xcode 14.0";
			developmentRegion = en;
			hasScannedForEncodings = 0;
			knownRegions = (
				en,
				Base,
			);
			mainGroup = F379C93A2AA9E52B000A3828;
			productRefGroup = F379C9442AA9E52B000A3828 /* Products */;
			projectDirPath = "";
			projectRoot = "";
			targets = (
				F379C9422AA9E52B000A3828 /* vision-pro-board */,
			);
		};
/* End PBXProject section */

/* Begin PBXResourcesBuildPhase section */
		F379C9412AA9E52B000A3828 /* Resources */ = {
			isa = PBXResourcesBuildPhase;
			buildActionMask = 2147483647;
			files = (
				F379C9532AA9E52F000A3828 /* Assets.xcassets in Resources */,
				F379C9562AA9E52F000A3828 /* Preview Assets.xcassets in Resources */,
				F3254BB62AB9E731002B7808 /* David.jpeg in Resources */,
				F379C9512AA9E52B000A3828 /* ImageBasedLight.exr in Resources */,
			);
			runOnlyForDeploymentPostprocessing = 0;
		};
/* End PBXResourcesBuildPhase section */

/* Begin PBXSourcesBuildPhase section */
		F379C93F2AA9E52B000A3828 /* Sources */ = {
			isa = PBXSourcesBuildPhase;
			buildActionMask = 2147483647;
			files = (
				F3254BB42AB353CC002B7808 /* Patiens.swift in Sources */,
				F3254BB22AB34973002B7808 /* PatientRow.swift in Sources */,
				F314C15B2ACB509D00CF344D /* PatientHeartBeat.swift in Sources */,
				F379C94D2AA9E52B000A3828 /* ContentView.swift in Sources */,
				F3254BAD2AB34021002B7808 /* WelcomePanel.swift in Sources */,
				F370CF5E2AC6EDA300574AA9 /* PatientReport.swift in Sources */,
				F314C15D2ACB57F300CF344D /* ChartType.swift in Sources */,
				F302D1AC2AD044510098A8BF /* DrugsList.swift in Sources */,
				F302D1AE2AD044FC0098A8BF /* Drugs.swift in Sources */,
				F314C1632ACB5A2300CF344D /* InterpolationMethod.swift in Sources */,
				F379C94B2AA9E52B000A3828 /* boardApp.swift in Sources */,
				F3254BAB2AB30DBE002B7808 /* AppStore.swift in Sources */,
				F3254B9E2AB1C299002B7808 /* MetallicBall.swift in Sources */,
				F3254BA12AB1C388002B7808 /* MainPanel.swift in Sources */,
				F3FA40792AD05AD3004911DC /* ListElement.swift in Sources */,
				F314C1612ACB59D400CF344D /* HealthData.swift in Sources */,
				F3254BA92AB30260002B7808 /* PatientsStore.swift in Sources */,
				F3254BA62AB23CE9002B7808 /* PatientModel.swift in Sources */,
				F302D1B22AD045660098A8BF /* WidgetModel.swift in Sources */,
				F314C1592ACAD8FB00CF344D /* WidgetsIndex.swift in Sources */,
				F3254BBF2ABB327B002B7808 /* PanelsContainer.swift in Sources */,
				F302D1B02AD045280098A8BF /* DrugModel.swift in Sources */,
				F3254BB02AB34961002B7808 /* PatientsList.swift in Sources */,
				F3254BB92ABAC5EF002B7808 /* Utils.swift in Sources */,
			);
			runOnlyForDeploymentPostprocessing = 0;
		};
/* End PBXSourcesBuildPhase section */

/* Begin XCBuildConfiguration section */
		F379C9572AA9E52F000A3828 /* Debug */ = {
			isa = XCBuildConfiguration;
			buildSettings = {
				ALWAYS_SEARCH_USER_PATHS = NO;
				ASSETCATALOG_COMPILER_GENERATE_SWIFT_ASSET_SYMBOL_EXTENSIONS = YES;
				CLANG_ANALYZER_NONNULL = YES;
				CLANG_ANALYZER_NUMBER_OBJECT_CONVERSION = YES_AGGRESSIVE;
				CLANG_CXX_LANGUAGE_STANDARD = "gnu++20";
				CLANG_ENABLE_MODULES = YES;
				CLANG_ENABLE_OBJC_ARC = YES;
				CLANG_ENABLE_OBJC_WEAK = YES;
				CLANG_WARN_BLOCK_CAPTURE_AUTORELEASING = YES;
				CLANG_WARN_BOOL_CONVERSION = YES;
				CLANG_WARN_COMMA = YES;
				CLANG_WARN_CONSTANT_CONVERSION = YES;
				CLANG_WARN_DEPRECATED_OBJC_IMPLEMENTATIONS = YES;
				CLANG_WARN_DIRECT_OBJC_ISA_USAGE = YES_ERROR;
				CLANG_WARN_DOCUMENTATION_COMMENTS = YES;
				CLANG_WARN_EMPTY_BODY = YES;
				CLANG_WARN_ENUM_CONVERSION = YES;
				CLANG_WARN_INFINITE_RECURSION = YES;
				CLANG_WARN_INT_CONVERSION = YES;
				CLANG_WARN_NON_LITERAL_NULL_CONVERSION = YES;
				CLANG_WARN_OBJC_IMPLICIT_RETAIN_SELF = YES;
				CLANG_WARN_OBJC_LITERAL_CONVERSION = YES;
				CLANG_WARN_OBJC_ROOT_CLASS = YES_ERROR;
				CLANG_WARN_QUOTED_INCLUDE_IN_FRAMEWORK_HEADER = YES;
				CLANG_WARN_RANGE_LOOP_ANALYSIS = YES;
				CLANG_WARN_STRICT_PROTOTYPES = YES;
				CLANG_WARN_SUSPICIOUS_MOVE = YES;
				CLANG_WARN_UNGUARDED_AVAILABILITY = YES_AGGRESSIVE;
				CLANG_WARN_UNREACHABLE_CODE = YES;
				CLANG_WARN__DUPLICATE_METHOD_MATCH = YES;
				COPY_PHASE_STRIP = NO;
				DEBUG_INFORMATION_FORMAT = dwarf;
				ENABLE_STRICT_OBJC_MSGSEND = YES;
				ENABLE_TESTABILITY = YES;
				ENABLE_USER_SCRIPT_SANDBOXING = YES;
				GCC_C_LANGUAGE_STANDARD = gnu17;
				GCC_DYNAMIC_NO_PIC = NO;
				GCC_NO_COMMON_BLOCKS = YES;
				GCC_OPTIMIZATION_LEVEL = 0;
				GCC_PREPROCESSOR_DEFINITIONS = (
					"DEBUG=1",
					"$(inherited)",
				);
				GCC_WARN_64_TO_32_BIT_CONVERSION = YES;
				GCC_WARN_ABOUT_RETURN_TYPE = YES_ERROR;
				GCC_WARN_UNDECLARED_SELECTOR = YES;
				GCC_WARN_UNINITIALIZED_AUTOS = YES_AGGRESSIVE;
				GCC_WARN_UNUSED_FUNCTION = YES;
				GCC_WARN_UNUSED_VARIABLE = YES;
				"INFOPLIST_FILE[sdk=*]" = "";
				LOCALIZATION_PREFERS_STRING_CATALOGS = YES;
				MTL_ENABLE_DEBUG_INFO = INCLUDE_SOURCE;
				MTL_FAST_MATH = YES;
				ONLY_ACTIVE_ARCH = YES;
				SDKROOT = xros;
				SWIFT_ACTIVE_COMPILATION_CONDITIONS = "DEBUG $(inherited)";
				SWIFT_OPTIMIZATION_LEVEL = "-Onone";
				XROS_DEPLOYMENT_TARGET = 1.0;
			};
			name = Debug;
		};
		F379C9582AA9E52F000A3828 /* Release */ = {
			isa = XCBuildConfiguration;
			buildSettings = {
				ALWAYS_SEARCH_USER_PATHS = NO;
				ASSETCATALOG_COMPILER_GENERATE_SWIFT_ASSET_SYMBOL_EXTENSIONS = YES;
				CLANG_ANALYZER_NONNULL = YES;
				CLANG_ANALYZER_NUMBER_OBJECT_CONVERSION = YES_AGGRESSIVE;
				CLANG_CXX_LANGUAGE_STANDARD = "gnu++20";
				CLANG_ENABLE_MODULES = YES;
				CLANG_ENABLE_OBJC_ARC = YES;
				CLANG_ENABLE_OBJC_WEAK = YES;
				CLANG_WARN_BLOCK_CAPTURE_AUTORELEASING = YES;
				CLANG_WARN_BOOL_CONVERSION = YES;
				CLANG_WARN_COMMA = YES;
				CLANG_WARN_CONSTANT_CONVERSION = YES;
				CLANG_WARN_DEPRECATED_OBJC_IMPLEMENTATIONS = YES;
				CLANG_WARN_DIRECT_OBJC_ISA_USAGE = YES_ERROR;
				CLANG_WARN_DOCUMENTATION_COMMENTS = YES;
				CLANG_WARN_EMPTY_BODY = YES;
				CLANG_WARN_ENUM_CONVERSION = YES;
				CLANG_WARN_INFINITE_RECURSION = YES;
				CLANG_WARN_INT_CONVERSION = YES;
				CLANG_WARN_NON_LITERAL_NULL_CONVERSION = YES;
				CLANG_WARN_OBJC_IMPLICIT_RETAIN_SELF = YES;
				CLANG_WARN_OBJC_LITERAL_CONVERSION = YES;
				CLANG_WARN_OBJC_ROOT_CLASS = YES_ERROR;
				CLANG_WARN_QUOTED_INCLUDE_IN_FRAMEWORK_HEADER = YES;
				CLANG_WARN_RANGE_LOOP_ANALYSIS = YES;
				CLANG_WARN_STRICT_PROTOTYPES = YES;
				CLANG_WARN_SUSPICIOUS_MOVE = YES;
				CLANG_WARN_UNGUARDED_AVAILABILITY = YES_AGGRESSIVE;
				CLANG_WARN_UNREACHABLE_CODE = YES;
				CLANG_WARN__DUPLICATE_METHOD_MATCH = YES;
				COPY_PHASE_STRIP = NO;
				DEBUG_INFORMATION_FORMAT = "dwarf-with-dsym";
				ENABLE_NS_ASSERTIONS = NO;
				ENABLE_STRICT_OBJC_MSGSEND = YES;
				ENABLE_USER_SCRIPT_SANDBOXING = YES;
				GCC_C_LANGUAGE_STANDARD = gnu17;
				GCC_NO_COMMON_BLOCKS = YES;
				GCC_WARN_64_TO_32_BIT_CONVERSION = YES;
				GCC_WARN_ABOUT_RETURN_TYPE = YES_ERROR;
				GCC_WARN_UNDECLARED_SELECTOR = YES;
				GCC_WARN_UNINITIALIZED_AUTOS = YES_AGGRESSIVE;
				GCC_WARN_UNUSED_FUNCTION = YES;
				GCC_WARN_UNUSED_VARIABLE = YES;
				"INFOPLIST_FILE[sdk=*]" = "";
				LOCALIZATION_PREFERS_STRING_CATALOGS = YES;
				MTL_ENABLE_DEBUG_INFO = NO;
				MTL_FAST_MATH = YES;
				SDKROOT = xros;
				SWIFT_COMPILATION_MODE = wholemodule;
				VALIDATE_PRODUCT = YES;
				XROS_DEPLOYMENT_TARGET = 1.0;
			};
			name = Release;
		};
		F379C95A2AA9E52F000A3828 /* Debug */ = {
			isa = XCBuildConfiguration;
			buildSettings = {
				ASSETCATALOG_COMPILER_APPICON_NAME = AppIcon;
				ASSETCATALOG_COMPILER_GLOBAL_ACCENT_COLOR_NAME = AccentColor;
				CODE_SIGN_STYLE = Automatic;
				CURRENT_PROJECT_VERSION = 1;
				DEVELOPMENT_ASSET_PATHS = "\"board/Preview Content\"";
				DEVELOPMENT_TEAM = 2T3FYVSL29;
				ENABLE_PREVIEWS = YES;
				GENERATE_INFOPLIST_FILE = YES;
				INFOPLIST_KEY_UIApplicationSceneManifest_Generation = YES;
				LD_RUNPATH_SEARCH_PATHS = (
					"$(inherited)",
					"@executable_path/Frameworks",
				);
				MARKETING_VERSION = 1.0;
				PRODUCT_BUNDLE_IDENTIFIER = com.erni.board;
				PRODUCT_NAME = "$(TARGET_NAME)";
				SUPPORTED_PLATFORMS = "xros xrsimulator";
				SWIFT_EMIT_LOC_STRINGS = YES;
				SWIFT_VERSION = 5.0;
				TARGETED_DEVICE_FAMILY = "1,2,7";
			};
			name = Debug;
		};
		F379C95B2AA9E52F000A3828 /* Release */ = {
			isa = XCBuildConfiguration;
			buildSettings = {
				ASSETCATALOG_COMPILER_APPICON_NAME = AppIcon;
				ASSETCATALOG_COMPILER_GLOBAL_ACCENT_COLOR_NAME = AccentColor;
				CODE_SIGN_STYLE = Automatic;
				CURRENT_PROJECT_VERSION = 1;
				DEVELOPMENT_ASSET_PATHS = "\"board/Preview Content\"";
				DEVELOPMENT_TEAM = 2T3FYVSL29;
				ENABLE_PREVIEWS = YES;
				GENERATE_INFOPLIST_FILE = YES;
				INFOPLIST_KEY_UIApplicationSceneManifest_Generation = YES;
				LD_RUNPATH_SEARCH_PATHS = (
					"$(inherited)",
					"@executable_path/Frameworks",
				);
				MARKETING_VERSION = 1.0;
				PRODUCT_BUNDLE_IDENTIFIER = com.erni.board;
				PRODUCT_NAME = "$(TARGET_NAME)";
				SUPPORTED_PLATFORMS = "xros xrsimulator";
				SWIFT_EMIT_LOC_STRINGS = YES;
				SWIFT_VERSION = 5.0;
				TARGETED_DEVICE_FAMILY = "1,2,7";
			};
			name = Release;
		};
/* End XCBuildConfiguration section */

/* Begin XCConfigurationList section */
		F379C93E2AA9E52B000A3828 /* Build configuration list for PBXProject "vision-pro-board" */ = {
			isa = XCConfigurationList;
			buildConfigurations = (
				F379C9572AA9E52F000A3828 /* Debug */,
				F379C9582AA9E52F000A3828 /* Release */,
			);
			defaultConfigurationIsVisible = 0;
			defaultConfigurationName = Release;
		};
		F379C9592AA9E52F000A3828 /* Build configuration list for PBXNativeTarget "vision-pro-board" */ = {
			isa = XCConfigurationList;
			buildConfigurations = (
				F379C95A2AA9E52F000A3828 /* Debug */,
				F379C95B2AA9E52F000A3828 /* Release */,
			);
			defaultConfigurationIsVisible = 0;
			defaultConfigurationName = Release;
		};
/* End XCConfigurationList section */

/* Begin XCSwiftPackageProductDependency section */
		F379C9482AA9E52B000A3828 /* RealityKitContent */ = {
			isa = XCSwiftPackageProductDependency;
			productName = RealityKitContent;
		};
/* End XCSwiftPackageProductDependency section */
	};
	rootObject = F379C93B2AA9E52B000A3828 /* Project object */;
}
